
Microsoft Visual Studio Solution File, Format Version 12.00
# Visual Studio Version 16
VisualStudioVersion = 16.0.30717.126
MinimumVisualStudioVersion = 10.0.40219.1
Project("{FAE04EC0-301F-11D3-BF4B-00C04F79EFBC}") = "MovieBookingApi", "MovieBookingApi.csproj", "{66B3FAFB-2665-48E6-9643-FF96D6B9FE18}"
EndProject
Project("{FAE04EC0-301F-11D3-BF4B-00C04F79EFBC}") = "MovieBooking.Services", "..\MovieBooking.Services\MovieBooking.Services.csproj", "{4A78B70A-2904-4FE8-801A-29DBE4590BFC}"
EndProject
Project("{FAE04EC0-301F-11D3-BF4B-00C04F79EFBC}") = "MovieBooking.Contracts", "..\MovieBooking.Contracts\MovieBooking.Contracts.csproj", "{06DC0452-2B5E-48DE-BA27-19EA6886CD64}"
EndProject
Global
	GlobalSection(SolutionConfigurationPlatforms) = preSolution
		Debug|Any CPU = Debug|Any CPU
		Release|Any CPU = Release|Any CPU
	EndGlobalSection
	GlobalSection(ProjectConfigurationPlatforms) = postSolution
		{66B3FAFB-2665-48E6-9643-FF96D6B9FE18}.Debug|Any CPU.ActiveCfg = Debug|Any CPU
		{66B3FAFB-2665-48E6-9643-FF96D6B9FE18}.Debug|Any CPU.Build.0 = Debug|Any CPU
		{66B3FAFB-2665-48E6-9643-FF96D6B9FE18}.Release|Any CPU.ActiveCfg = Release|Any CPU
		{66B3FAFB-2665-48E6-9643-FF96D6B9FE18}.Release|Any CPU.Build.0 = Release|Any CPU
		{4A78B70A-2904-4FE8-801A-29DBE4590BFC}.Debug|Any CPU.ActiveCfg = Debug|Any CPU
		{4A78B70A-2904-4FE8-801A-29DBE4590BFC}.Debug|Any CPU.Build.0 = Debug|Any CPU
		{4A78B70A-2904-4FE8-801A-29DBE4590BFC}.Release|Any CPU.ActiveCfg = Release|Any CPU
		{4A78B70A-2904-4FE8-801A-29DBE4590BFC}.Release|Any CPU.Build.0 = Release|Any CPU
		{06DC0452-2B5E-48DE-BA27-19EA6886CD64}.Debug|Any CPU.ActiveCfg = Debug|Any CPU
		{06DC0452-2B5E-48DE-BA27-19EA6886CD64}.Debug|Any CPU.Build.0 = Debug|Any CPU
		{06DC0452-2B5E-48DE-BA27-19EA6886CD64}.Release|Any CPU.ActiveCfg = Release|Any CPU
		{06DC0452-2B5E-48DE-BA27-19EA6886CD64}.Release|Any CPU.Build.0 = Release|Any CPU
	EndGlobalSection
	GlobalSection(SolutionProperties) = preSolution
		HideSolutionNode = FALSE
	EndGlobalSection
	GlobalSection(ExtensibilityGlobals) = postSolution
		SolutionGuid = {3E22A80F-994C-4BB5-A26D-2C6C3C359705}
	EndGlobalSection
EndGlobal
